PODS:
  - Flutter (1.0.0)
  - flutter_local_notifications (0.0.1):
    - Flutter
  - Microblink (5.16.0)
  - Passbase (2.13.5):
    - Microblink (= 5.16.0)
  - Ramp (3.0.0):
    - Passbase (~> 2.8)
  - ramp_flutter (0.0.1):
    - Flutter
    - Ramp

DEPENDENCIES:
  - Flutter (from `Flutter`)
  - flutter_local_notifications (from `.symlinks/plugins/flutter_local_notifications/ios`)
  - Ramp (from `https://github.com/RampNetwork/ramp-sdk-ios`, tag `3.0.0`)
  - ramp_flutter (from `.symlinks/plugins/ramp_flutter/ios`)

SPEC REPOS:
  https://github.com/passbase/cocoapods-specs.git:
    - Passbase
  https://github.com/passbase/microblink-cocoapods-specs.git:
    - Microblink

EXTERNAL SOURCES:
  Flutter:
    :path: Flutter
  flutter_local_notifications:
    :path: ".symlinks/plugins/flutter_local_notifications/ios"
  Ramp:
    :git: https://github.com/RampNetwork/ramp-sdk-ios
    :tag: 3.0.0
  ramp_flutter:
    :path: ".symlinks/plugins/ramp_flutter/ios"

CHECKOUT OPTIONS:
  Ramp:
    :git: https://github.com/RampNetwork/ramp-sdk-ios
    :tag: 3.0.0

SPEC CHECKSUMS:
  Flutter: f04841e97a9d0b0a8025694d0796dd46242b2854
  flutter_local_notifications: 0c0b1ae97e741e1521e4c1629a459d04b9aec743
  Microblink: 9443ff3c708a97673e4999389626079e10a1bbc1
  Passbase: bce91be2e3be1b9c72ab42ee91c57a106095bd65
  Ramp: 0c989543f1fabf7409aa2e16a1c883120f063419
  ramp_flutter: 61fe902f750eb99f5f27a363f1b49d9bed8cdd35

PODFILE CHECKSUM: 404a454d15c6a9b4e5b6ca7259b02c148bd2ac44

COCOAPODS: 1.11.3
