PODS:
  - Flutter (1.0.0)
  - Microblink (5.11.1)
  - Passbase (2.8.3):
    - Microblink (= 5.11.1)
  - Ramp (2.0.0):
    - Passbase (~> 2.8)
  - ramp_flutter (0.0.1):
    - Flutter
    - Ramp (~> 2.0.0)

DEPENDENCIES:
  - Flutter (from `Flutter`)
  - Ramp (from `https://github.com/RampNetwork/ramp-sdk-ios`, tag `2.0.0`)
  - ramp_flutter (from `.symlinks/plugins/ramp_flutter/ios`)

SPEC REPOS:
  https://github.com/passbase/cocoapods-specs.git:
    - Passbase
  https://github.com/passbase/microblink-cocoapods-specs.git:
    - Microblink

EXTERNAL SOURCES:
  Flutter:
    :path: Flutter
  Ramp:
    :git: https://github.com/RampNetwork/ramp-sdk-ios
    :tag: 2.0.0
  ramp_flutter:
    :path: ".symlinks/plugins/ramp_flutter/ios"

CHECKOUT OPTIONS:
  Ramp:
    :git: https://github.com/RampNetwork/ramp-sdk-ios
    :tag: 2.0.0

SPEC CHECKSUMS:
  Flutter: 50d75fe2f02b26cc09d224853bb45737f8b3214a
  Microblink: 807dd5cc6a9c6a1f7913c7e4450a3cde49dbf894
  Passbase: 4858a7a9d76a9b5a07f5c12a299b2681c4697f30
  Ramp: c522303707480a458eef7d05c96e8c9604be4840
  ramp_flutter: 2fed2262c7882b5b8285c1aaea4f36f2b93b00c1

PODFILE CHECKSUM: e8177b0e82ec4e6a54bcc80fcd6a13b039428192

COCOAPODS: 1.11.2
